// !$*UTF8*$!
{
	archiveVersion = 1;
	classes = {
	};
	objectVersion = 50;
	objects = {

/* Begin PBXBuildFile section */
		782449C5266E55B500FBEBF4 /* AppDelegate.swift in Sources */ = {isa = PBXBuildFile; fileRef = 782449C4266E55B500FBEBF4 /* AppDelegate.swift */; };
		782449C7266E55B500FBEBF4 /* SceneDelegate.swift in Sources */ = {isa = PBXBuildFile; fileRef = 782449C6266E55B500FBEBF4 /* SceneDelegate.swift */; };
		782449CC266E55B500FBEBF4 /* Main.storyboard in Resources */ = {isa = PBXBuildFile; fileRef = 782449CA266E55B500FBEBF4 /* Main.storyboard */; };
		782449CF266E55B500FBEBF4 /* Recordings_MVC.xcdatamodeld in Sources */ = {isa = PBXBuildFile; fileRef = 782449CD266E55B500FBEBF4 /* Recordings_MVC.xcdatamodeld */; };
		782449D1266E55B700FBEBF4 /* Assets.xcassets in Resources */ = {isa = PBXBuildFile; fileRef = 782449D0266E55B700FBEBF4 /* Assets.xcassets */; };
		782449DF266E55B700FBEBF4 /* Recordings_MVCTests.swift in Sources */ = {isa = PBXBuildFile; fileRef = 782449DE266E55B700FBEBF4 /* Recordings_MVCTests.swift */; };
		782449EA266E55B700FBEBF4 /* Recordings_MVCUITests.swift in Sources */ = {isa = PBXBuildFile; fileRef = 782449E9266E55B700FBEBF4 /* Recordings_MVCUITests.swift */; };
		782449F8266E5DA800FBEBF4 /* FolderViewController.swift in Sources */ = {isa = PBXBuildFile; fileRef = 782449F7266E5DA800FBEBF4 /* FolderViewController.swift */; };
		782449FA266E5E4500FBEBF4 /* PlayViewController.swift in Sources */ = {isa = PBXBuildFile; fileRef = 782449F9266E5E4500FBEBF4 /* PlayViewController.swift */; };
		782449FD266F0BEB00FBEBF4 /* Item.swift in Sources */ = {isa = PBXBuildFile; fileRef = 782449FC266F0BEB00FBEBF4 /* Item.swift */; };
		78244A00266F0CEF00FBEBF4 /* Store.swift in Sources */ = {isa = PBXBuildFile; fileRef = 782449FF266F0CEF00FBEBF4 /* Store.swift */; };
		78244A02266F0E9300FBEBF4 /* Folder.swift in Sources */ = {isa = PBXBuildFile; fileRef = 78244A01266F0E9300FBEBF4 /* Folder.swift */; };
		78244A04266F105800FBEBF4 /* Recording.swift in Sources */ = {isa = PBXBuildFile; fileRef = 78244A03266F105800FBEBF4 /* Recording.swift */; };
		78244A06266F2CDC00FBEBF4 /* Utilities.swift in Sources */ = {isa = PBXBuildFile; fileRef = 78244A05266F2CDC00FBEBF4 /* Utilities.swift */; };
		78244A09266F65CE00FBEBF4 /* RecordViewController.swift in Sources */ = {isa = PBXBuildFile; fileRef = 78244A08266F65CE00FBEBF4 /* RecordViewController.swift */; };
		78244A0B266F826700FBEBF4 /* Recorder.swift in Sources */ = {isa = PBXBuildFile; fileRef = 78244A0A266F826700FBEBF4 /* Recorder.swift */; };
		78244A0D266F827C00FBEBF4 /* Player.swift in Sources */ = {isa = PBXBuildFile; fileRef = 78244A0C266F827C00FBEBF4 /* Player.swift */; };
/* End PBXBuildFile section */

/* Begin PBXContainerItemProxy section */
		782449DB266E55B700FBEBF4 /* PBXContainerItemProxy */ = {
			isa = PBXContainerItemProxy;
			containerPortal = 782449B9266E55B400FBEBF4 /* Project object */;
			proxyType = 1;
			remoteGlobalIDString = 782449C0266E55B500FBEBF4;
			remoteInfo = "Recordings-MVC";
		};
		782449E6266E55B700FBEBF4 /* PBXContainerItemProxy */ = {
			isa = PBXContainerItemProxy;
			containerPortal = 782449B9266E55B400FBEBF4 /* Project object */;
			proxyType = 1;
			remoteGlobalIDString = 782449C0266E55B500FBEBF4;
			remoteInfo = "Recordings-MVC";
		};
/* End PBXContainerItemProxy section */

/* Begin PBXFileReference section */
		782449C1266E55B500FBEBF4 /* Recordings-MVC.app */ = {isa = PBXFileReference; explicitFileType = wrapper.application; includeInIndex = 0; path = "Recordings-MVC.app"; sourceTree = BUILT_PRODUCTS_DIR; };
		782449C4266E55B500FBEBF4 /* AppDelegate.swift */ = {isa = PBXFileReference; lastKnownFileType = sourcecode.swift; path = AppDelegate.swift; sourceTree = "<group>"; };
		782449C6266E55B500FBEBF4 /* SceneDelegate.swift */ = {isa = PBXFileReference; lastKnownFileType = sourcecode.swift; path = SceneDelegate.swift; sourceTree = "<group>"; };
		782449CB266E55B500FBEBF4 /* Base */ = {isa = PBXFileReference; lastKnownFileType = file.storyboard; name = Base; path = Base.lproj/Main.storyboard; sourceTree = "<group>"; };
		782449CE266E55B500FBEBF4 /* Recordings_MVC.xcdatamodel */ = {isa = PBXFileReference; lastKnownFileType = wrapper.xcdatamodel; path = Recordings_MVC.xcdatamodel; sourceTree = "<group>"; };
		782449D0266E55B700FBEBF4 /* Assets.xcassets */ = {isa = PBXFileReference; lastKnownFileType = folder.assetcatalog; path = Assets.xcassets; sourceTree = "<group>"; };
		782449D5266E55B700FBEBF4 /* Info.plist */ = {isa = PBXFileReference; lastKnownFileType = text.plist.xml; path = Info.plist; sourceTree = "<group>"; };
		782449DA266E55B700FBEBF4 /* Recordings-MVCTests.xctest */ = {isa = PBXFileReference; explicitFileType = wrapper.cfbundle; includeInIndex = 0; path = "Recordings-MVCTests.xctest"; sourceTree = BUILT_PRODUCTS_DIR; };
		782449DE266E55B700FBEBF4 /* Recordings_MVCTests.swift */ = {isa = PBXFileReference; lastKnownFileType = sourcecode.swift; path = Recordings_MVCTests.swift; sourceTree = "<group>"; };
		782449E0266E55B700FBEBF4 /* Info.plist */ = {isa = PBXFileReference; lastKnownFileType = text.plist.xml; path = Info.plist; sourceTree = "<group>"; };
		782449E5266E55B700FBEBF4 /* Recordings-MVCUITests.xctest */ = {isa = PBXFileReference; explicitFileType = wrapper.cfbundle; includeInIndex = 0; path = "Recordings-MVCUITests.xctest"; sourceTree = BUILT_PRODUCTS_DIR; };
		782449E9266E55B700FBEBF4 /* Recordings_MVCUITests.swift */ = {isa = PBXFileReference; lastKnownFileType = sourcecode.swift; path = Recordings_MVCUITests.swift; sourceTree = "<group>"; };
		782449EB266E55B700FBEBF4 /* Info.plist */ = {isa = PBXFileReference; lastKnownFileType = text.plist.xml; path = Info.plist; sourceTree = "<group>"; };
		782449F7266E5DA800FBEBF4 /* FolderViewController.swift */ = {isa = PBXFileReference; lastKnownFileType = sourcecode.swift; path = FolderViewController.swift; sourceTree = "<group>"; };
		782449F9266E5E4500FBEBF4 /* PlayViewController.swift */ = {isa = PBXFileReference; lastKnownFileType = sourcecode.swift; path = PlayViewController.swift; sourceTree = "<group>"; };
		782449FC266F0BEB00FBEBF4 /* Item.swift */ = {isa = PBXFileReference; lastKnownFileType = sourcecode.swift; path = Item.swift; sourceTree = "<group>"; };
		782449FF266F0CEF00FBEBF4 /* Store.swift */ = {isa = PBXFileReference; lastKnownFileType = sourcecode.swift; path = Store.swift; sourceTree = "<group>"; };
		78244A01266F0E9300FBEBF4 /* Folder.swift */ = {isa = PBXFileReference; lastKnownFileType = sourcecode.swift; path = Folder.swift; sourceTree = "<group>"; };
		78244A03266F105800FBEBF4 /* Recording.swift */ = {isa = PBXFileReference; lastKnownFileType = sourcecode.swift; path = Recording.swift; sourceTree = "<group>"; };
		78244A05266F2CDC00FBEBF4 /* Utilities.swift */ = {isa = PBXFileReference; lastKnownFileType = sourcecode.swift; path = Utilities.swift; sourceTree = "<group>"; };
		78244A08266F65CE00FBEBF4 /* RecordViewController.swift */ = {isa = PBXFileReference; lastKnownFileType = sourcecode.swift; path = RecordViewController.swift; sourceTree = "<group>"; };
		78244A0A266F826700FBEBF4 /* Recorder.swift */ = {isa = PBXFileReference; lastKnownFileType = sourcecode.swift; path = Recorder.swift; sourceTree = "<group>"; };
		78244A0C266F827C00FBEBF4 /* Player.swift */ = {isa = PBXFileReference; lastKnownFileType = sourcecode.swift; path = Player.swift; sourceTree = "<group>"; };
/* End PBXFileReference section */

/* Begin PBXFrameworksBuildPhase section */
		782449BE266E55B500FBEBF4 /* Frameworks */ = {
			isa = PBXFrameworksBuildPhase;
			buildActionMask = 2147483647;
			files = (
			);
			runOnlyForDeploymentPostprocessing = 0;
		};
		782449D7266E55B700FBEBF4 /* Frameworks */ = {
			isa = PBXFrameworksBuildPhase;
			buildActionMask = 2147483647;
			files = (
			);
			runOnlyForDeploymentPostprocessing = 0;
		};
		782449E2266E55B700FBEBF4 /* Frameworks */ = {
			isa = PBXFrameworksBuildPhase;
			buildActionMask = 2147483647;
			files = (
			);
			runOnlyForDeploymentPostprocessing = 0;
		};
/* End PBXFrameworksBuildPhase section */

/* Begin PBXGroup section */
		782449B8266E55B400FBEBF4 = {
			isa = PBXGroup;
			children = (
				782449C3266E55B500FBEBF4 /* Recordings-MVC */,
				782449DD266E55B700FBEBF4 /* Recordings-MVCTests */,
				782449E8266E55B700FBEBF4 /* Recordings-MVCUITests */,
				782449C2266E55B500FBEBF4 /* Products */,
			);
			sourceTree = "<group>";
		};
		782449C2266E55B500FBEBF4 /* Products */ = {
			isa = PBXGroup;
			children = (
				782449C1266E55B500FBEBF4 /* Recordings-MVC.app */,
				782449DA266E55B700FBEBF4 /* Recordings-MVCTests.xctest */,
				782449E5266E55B700FBEBF4 /* Recordings-MVCUITests.xctest */,
			);
			name = Products;
			sourceTree = "<group>";
		};
		782449C3266E55B500FBEBF4 /* Recordings-MVC */ = {
			isa = PBXGroup;
			children = (
				782449FB266F0BC200FBEBF4 /* App + View */,
				782449FE266F0BF800FBEBF4 /* Model */,
				78244A07266F2D0600FBEBF4 /* Helpers */,
				782449D0266E55B700FBEBF4 /* Assets.xcassets */,
				782449CA266E55B500FBEBF4 /* Main.storyboard */,
				782449D5266E55B700FBEBF4 /* Info.plist */,
				782449CD266E55B500FBEBF4 /* Recordings_MVC.xcdatamodeld */,
			);
			path = "Recordings-MVC";
			sourceTree = "<group>";
		};
		782449DD266E55B700FBEBF4 /* Recordings-MVCTests */ = {
			isa = PBXGroup;
			children = (
				782449DE266E55B700FBEBF4 /* Recordings_MVCTests.swift */,
				782449E0266E55B700FBEBF4 /* Info.plist */,
			);
			path = "Recordings-MVCTests";
			sourceTree = "<group>";
		};
		782449E8266E55B700FBEBF4 /* Recordings-MVCUITests */ = {
			isa = PBXGroup;
			children = (
				782449E9266E55B700FBEBF4 /* Recordings_MVCUITests.swift */,
				782449EB266E55B700FBEBF4 /* Info.plist */,
			);
			path = "Recordings-MVCUITests";
			sourceTree = "<group>";
		};
		782449FB266F0BC200FBEBF4 /* App + View */ = {
			isa = PBXGroup;
			children = (
				782449C4266E55B500FBEBF4 /* AppDelegate.swift */,
				782449C6266E55B500FBEBF4 /* SceneDelegate.swift */,
				782449F7266E5DA800FBEBF4 /* FolderViewController.swift */,
				782449F9266E5E4500FBEBF4 /* PlayViewController.swift */,
				78244A08266F65CE00FBEBF4 /* RecordViewController.swift */,
			);
			path = "App + View";
			sourceTree = "<group>";
		};
		782449FE266F0BF800FBEBF4 /* Model */ = {
			isa = PBXGroup;
			children = (
				782449FF266F0CEF00FBEBF4 /* Store.swift */,
				782449FC266F0BEB00FBEBF4 /* Item.swift */,
				78244A01266F0E9300FBEBF4 /* Folder.swift */,
				78244A03266F105800FBEBF4 /* Recording.swift */,
			);
			path = Model;
			sourceTree = "<group>";
		};
		78244A07266F2D0600FBEBF4 /* Helpers */ = {
			isa = PBXGroup;
			children = (
				78244A05266F2CDC00FBEBF4 /* Utilities.swift */,
				78244A0A266F826700FBEBF4 /* Recorder.swift */,
				78244A0C266F827C00FBEBF4 /* Player.swift */,
			);
			path = Helpers;
			sourceTree = "<group>";
		};
/* End PBXGroup section */

/* Begin PBXNativeTarget section */
		782449C0266E55B500FBEBF4 /* Recordings-MVC */ = {
			isa = PBXNativeTarget;
			buildConfigurationList = 782449EE266E55B700FBEBF4 /* Build configuration list for PBXNativeTarget "Recordings-MVC" */;
			buildPhases = (
				782449BD266E55B500FBEBF4 /* Sources */,
				782449BE266E55B500FBEBF4 /* Frameworks */,
				782449BF266E55B500FBEBF4 /* Resources */,
			);
			buildRules = (
			);
			dependencies = (
			);
			name = "Recordings-MVC";
			productName = "Recordings-MVC";
			productReference = 782449C1266E55B500FBEBF4 /* Recordings-MVC.app */;
			productType = "com.apple.product-type.application";
		};
		782449D9266E55B700FBEBF4 /* Recordings-MVCTests */ = {
			isa = PBXNativeTarget;
			buildConfigurationList = 782449F1266E55B700FBEBF4 /* Build configuration list for PBXNativeTarget "Recordings-MVCTests" */;
			buildPhases = (
				782449D6266E55B700FBEBF4 /* Sources */,
				782449D7266E55B700FBEBF4 /* Frameworks */,
				782449D8266E55B700FBEBF4 /* Resources */,
			);
			buildRules = (
			);
			dependencies = (
				782449DC266E55B700FBEBF4 /* PBXTargetDependency */,
			);
			name = "Recordings-MVCTests";
			productName = "Recordings-MVCTests";
			productReference = 782449DA266E55B700FBEBF4 /* Recordings-MVCTests.xctest */;
			productType = "com.apple.product-type.bundle.unit-test";
		};
		782449E4266E55B700FBEBF4 /* Recordings-MVCUITests */ = {
			isa = PBXNativeTarget;
			buildConfigurationList = 782449F4266E55B700FBEBF4 /* Build configuration list for PBXNativeTarget "Recordings-MVCUITests" */;
			buildPhases = (
				782449E1266E55B700FBEBF4 /* Sources */,
				782449E2266E55B700FBEBF4 /* Frameworks */,
				782449E3266E55B700FBEBF4 /* Resources */,
			);
			buildRules = (
			);
			dependencies = (
				782449E7266E55B700FBEBF4 /* PBXTargetDependency */,
			);
			name = "Recordings-MVCUITests";
			productName = "Recordings-MVCUITests";
			productReference = 782449E5266E55B700FBEBF4 /* Recordings-MVCUITests.xctest */;
			productType = "com.apple.product-type.bundle.ui-testing";
		};
/* End PBXNativeTarget section */

/* Begin PBXProject section */
		782449B9266E55B400FBEBF4 /* Project object */ = {
			isa = PBXProject;
			attributes = {
				LastSwiftUpdateCheck = 1250;
				LastUpgradeCheck = 1250;
				TargetAttributes = {
					782449C0266E55B500FBEBF4 = {
						CreatedOnToolsVersion = 12.5;
					};
					782449D9266E55B700FBEBF4 = {
						CreatedOnToolsVersion = 12.5;
						TestTargetID = 782449C0266E55B500FBEBF4;
					};
					782449E4266E55B700FBEBF4 = {
						CreatedOnToolsVersion = 12.5;
						TestTargetID = 782449C0266E55B500FBEBF4;
					};
				};
			};
			buildConfigurationList = 782449BC266E55B400FBEBF4 /* Build configuration list for PBXProject "Recordings-MVC" */;
			compatibilityVersion = "Xcode 9.3";
			developmentRegion = en;
			hasScannedForEncodings = 0;
			knownRegions = (
				en,
				Base,
			);
			mainGroup = 782449B8266E55B400FBEBF4;
			productRefGroup = 782449C2266E55B500FBEBF4 /* Products */;
			projectDirPath = "";
			projectRoot = "";
			targets = (
				782449C0266E55B500FBEBF4 /* Recordings-MVC */,
				782449D9266E55B700FBEBF4 /* Recordings-MVCTests */,
				782449E4266E55B700FBEBF4 /* Recordings-MVCUITests */,
			);
		};
/* End PBXProject section */

/* Begin PBXResourcesBuildPhase section */
		782449BF266E55B500FBEBF4 /* Resources */ = {
			isa = PBXResourcesBuildPhase;
			buildActionMask = 2147483647;
			files = (
				782449D1266E55B700FBEBF4 /* Assets.xcassets in Resources */,
				782449CC266E55B500FBEBF4 /* Main.storyboard in Resources */,
			);
			runOnlyForDeploymentPostprocessing = 0;
		};
		782449D8266E55B700FBEBF4 /* Resources */ = {
			isa = PBXResourcesBuildPhase;
			buildActionMask = 2147483647;
			files = (
			);
			runOnlyForDeploymentPostprocessing = 0;
		};
		782449E3266E55B700FBEBF4 /* Resources */ = {
			isa = PBXResourcesBuildPhase;
			buildActionMask = 2147483647;
			files = (
			);
			runOnlyForDeploymentPostprocessing = 0;
		};
/* End PBXResourcesBuildPhase section */

/* Begin PBXSourcesBuildPhase section */
		782449BD266E55B500FBEBF4 /* Sources */ = {
			isa = PBXSourcesBuildPhase;
			buildActionMask = 2147483647;
			files = (
				78244A06266F2CDC00FBEBF4 /* Utilities.swift in Sources */,
				78244A00266F0CEF00FBEBF4 /* Store.swift in Sources */,
				782449F8266E5DA800FBEBF4 /* FolderViewController.swift in Sources */,
				78244A0B266F826700FBEBF4 /* Recorder.swift in Sources */,
				782449FA266E5E4500FBEBF4 /* PlayViewController.swift in Sources */,
				78244A0D266F827C00FBEBF4 /* Player.swift in Sources */,
				78244A02266F0E9300FBEBF4 /* Folder.swift in Sources */,
				78244A09266F65CE00FBEBF4 /* RecordViewController.swift in Sources */,
				78244A04266F105800FBEBF4 /* Recording.swift in Sources */,
				782449CF266E55B500FBEBF4 /* Recordings_MVC.xcdatamodeld in Sources */,
				782449C5266E55B500FBEBF4 /* AppDelegate.swift in Sources */,
				782449FD266F0BEB00FBEBF4 /* Item.swift in Sources */,
				782449C7266E55B500FBEBF4 /* SceneDelegate.swift in Sources */,
			);
			runOnlyForDeploymentPostprocessing = 0;
		};
		782449D6266E55B700FBEBF4 /* Sources */ = {
			isa = PBXSourcesBuildPhase;
			buildActionMask = 2147483647;
			files = (
				782449DF266E55B700FBEBF4 /* Recordings_MVCTests.swift in Sources */,
			);
			runOnlyForDeploymentPostprocessing = 0;
		};
		782449E1266E55B700FBEBF4 /* Sources */ = {
			isa = PBXSourcesBuildPhase;
			buildActionMask = 2147483647;
			files = (
				782449EA266E55B700FBEBF4 /* Recordings_MVCUITests.swift in Sources */,
			);
			runOnlyForDeploymentPostprocessing = 0;
		};
/* End PBXSourcesBuildPhase section */

/* Begin PBXTargetDependency section */
		782449DC266E55B700FBEBF4 /* PBXTargetDependency */ = {
			isa = PBXTargetDependency;
			target = 782449C0266E55B500FBEBF4 /* Recordings-MVC */;
			targetProxy = 782449DB266E55B700FBEBF4 /* PBXContainerItemProxy */;
		};
		782449E7266E55B700FBEBF4 /* PBXTargetDependency */ = {
			isa = PBXTargetDependency;
			target = 782449C0266E55B500FBEBF4 /* Recordings-MVC */;
			targetProxy = 782449E6266E55B700FBEBF4 /* PBXContainerItemProxy */;
		};
/* End PBXTargetDependency section */

/* Begin PBXVariantGroup section */
		782449CA266E55B500FBEBF4 /* Main.storyboard */ = {
			isa = PBXVariantGroup;
			children = (
				782449CB266E55B500FBEBF4 /* Base */,
			);
			name = Main.storyboard;
			sourceTree = "<group>";
		};
/* End PBXVariantGroup section */

/* Begin XCBuildConfiguration section */
		782449EC266E55B700FBEBF4 /* Debug */ = {
			isa = XCBuildConfiguration;
			buildSettings = {
				ALWAYS_SEARCH_USER_PATHS = NO;
				CLANG_ANALYZER_NONNULL = YES;
				CLANG_ANALYZER_NUMBER_OBJECT_CONVERSION = YES_AGGRESSIVE;
				CLANG_CXX_LANGUAGE_STANDARD = "gnu++14";
				CLANG_CXX_LIBRARY = "libc++";
				CLANG_ENABLE_MODULES = YES;
				CLANG_ENABLE_OBJC_ARC = YES;
				CLANG_ENABLE_OBJC_WEAK = YES;
				CLANG_WARN_BLOCK_CAPTURE_AUTORELEASING = YES;
				CLANG_WARN_BOOL_CONVERSION = YES;
				CLANG_WARN_COMMA = YES;
				CLANG_WARN_CONSTANT_CONVERSION = YES;
				CLANG_WARN_DEPRECATED_OBJC_IMPLEMENTATIONS = YES;
				CLANG_WARN_DIRECT_OBJC_ISA_USAGE = YES_ERROR;
				CLANG_WARN_DOCUMENTATION_COMMENTS = YES;
				CLANG_WARN_EMPTY_BODY = YES;
				CLANG_WARN_ENUM_CONVERSION = YES;
				CLANG_WARN_INFINITE_RECURSION = YES;
				CLANG_WARN_INT_CONVERSION = YES;
				CLANG_WARN_NON_LITERAL_NULL_CONVERSION = YES;
				CLANG_WARN_OBJC_IMPLICIT_RETAIN_SELF = YES;
				CLANG_WARN_OBJC_LITERAL_CONVERSION = YES;
				CLANG_WARN_OBJC_ROOT_CLASS = YES_ERROR;
				CLANG_WARN_QUOTED_INCLUDE_IN_FRAMEWORK_HEADER = YES;
				CLANG_WARN_RANGE_LOOP_ANALYSIS = YES;
				CLANG_WARN_STRICT_PROTOTYPES = YES;
				CLANG_WARN_SUSPICIOUS_MOVE = YES;
				CLANG_WARN_UNGUARDED_AVAILABILITY = YES_AGGRESSIVE;
				CLANG_WARN_UNREACHABLE_CODE = YES;
				CLANG_WARN__DUPLICATE_METHOD_MATCH = YES;
				COPY_PHASE_STRIP = NO;
				DEBUG_INFORMATION_FORMAT = dwarf;
				ENABLE_STRICT_OBJC_MSGSEND = YES;
				ENABLE_TESTABILITY = YES;
				GCC_C_LANGUAGE_STANDARD = gnu11;
				GCC_DYNAMIC_NO_PIC = NO;
				GCC_NO_COMMON_BLOCKS = YES;
				GCC_OPTIMIZATION_LEVEL = 0;
				GCC_PREPROCESSOR_DEFINITIONS = (
					"DEBUG=1",
					"$(inherited)",
				);
				GCC_WARN_64_TO_32_BIT_CONVERSION = YES;
				GCC_WARN_ABOUT_RETURN_TYPE = YES_ERROR;
				GCC_WARN_UNDECLARED_SELECTOR = YES;
				GCC_WARN_UNINITIALIZED_AUTOS = YES_AGGRESSIVE;
				GCC_WARN_UNUSED_FUNCTION = YES;
				GCC_WARN_UNUSED_VARIABLE = YES;
				IPHONEOS_DEPLOYMENT_TARGET = 14.5;
				MTL_ENABLE_DEBUG_INFO = INCLUDE_SOURCE;
				MTL_FAST_MATH = YES;
				ONLY_ACTIVE_ARCH = YES;
				SDKROOT = iphoneos;
				SWIFT_ACTIVE_COMPILATION_CONDITIONS = DEBUG;
				SWIFT_OPTIMIZATION_LEVEL = "-Onone";
			};
			name = Debug;
		};
		782449ED266E55B700FBEBF4 /* Release */ = {
			isa = XCBuildConfiguration;
			buildSettings = {
				ALWAYS_SEARCH_USER_PATHS = NO;
				CLANG_ANALYZER_NONNULL = YES;
				CLANG_ANALYZER_NUMBER_OBJECT_CONVERSION = YES_AGGRESSIVE;
				CLANG_CXX_LANGUAGE_STANDARD = "gnu++14";
				CLANG_CXX_LIBRARY = "libc++";
				CLANG_ENABLE_MODULES = YES;
				CLANG_ENABLE_OBJC_ARC = YES;
				CLANG_ENABLE_OBJC_WEAK = YES;
				CLANG_WARN_BLOCK_CAPTURE_AUTORELEASING = YES;
				CLANG_WARN_BOOL_CONVERSION = YES;
				CLANG_WARN_COMMA = YES;
				CLANG_WARN_CONSTANT_CONVERSION = YES;
				CLANG_WARN_DEPRECATED_OBJC_IMPLEMENTATIONS = YES;
				CLANG_WARN_DIRECT_OBJC_ISA_USAGE = YES_ERROR;
				CLANG_WARN_DOCUMENTATION_COMMENTS = YES;
				CLANG_WARN_EMPTY_BODY = YES;
				CLANG_WARN_ENUM_CONVERSION = YES;
				CLANG_WARN_INFINITE_RECURSION = YES;
				CLANG_WARN_INT_CONVERSION = YES;
				CLANG_WARN_NON_LITERAL_NULL_CONVERSION = YES;
				CLANG_WARN_OBJC_IMPLICIT_RETAIN_SELF = YES;
				CLANG_WARN_OBJC_LITERAL_CONVERSION = YES;
				CLANG_WARN_OBJC_ROOT_CLASS = YES_ERROR;
				CLANG_WARN_QUOTED_INCLUDE_IN_FRAMEWORK_HEADER = YES;
				CLANG_WARN_RANGE_LOOP_ANALYSIS = YES;
				CLANG_WARN_STRICT_PROTOTYPES = YES;
				CLANG_WARN_SUSPICIOUS_MOVE = YES;
				CLANG_WARN_UNGUARDED_AVAILABILITY = YES_AGGRESSIVE;
				CLANG_WARN_UNREACHABLE_CODE = YES;
				CLANG_WARN__DUPLICATE_METHOD_MATCH = YES;
				COPY_PHASE_STRIP = NO;
				DEBUG_INFORMATION_FORMAT = "dwarf-with-dsym";
				ENABLE_NS_ASSERTIONS = NO;
				ENABLE_STRICT_OBJC_MSGSEND = YES;
				GCC_C_LANGUAGE_STANDARD = gnu11;
				GCC_NO_COMMON_BLOCKS = YES;
				GCC_WARN_64_TO_32_BIT_CONVERSION = YES;
				GCC_WARN_ABOUT_RETURN_TYPE = YES_ERROR;
				GCC_WARN_UNDECLARED_SELECTOR = YES;
				GCC_WARN_UNINITIALIZED_AUTOS = YES_AGGRESSIVE;
				GCC_WARN_UNUSED_FUNCTION = YES;
				GCC_WARN_UNUSED_VARIABLE = YES;
				IPHONEOS_DEPLOYMENT_TARGET = 14.5;
				MTL_ENABLE_DEBUG_INFO = NO;
				MTL_FAST_MATH = YES;
				SDKROOT = iphoneos;
				SWIFT_COMPILATION_MODE = wholemodule;
				SWIFT_OPTIMIZATION_LEVEL = "-O";
				VALIDATE_PRODUCT = YES;
			};
			name = Release;
		};
		782449EF266E55B700FBEBF4 /* Debug */ = {
			isa = XCBuildConfiguration;
			buildSettings = {
				ASSETCATALOG_COMPILER_APPICON_NAME = AppIcon;
				ASSETCATALOG_COMPILER_GLOBAL_ACCENT_COLOR_NAME = AccentColor;
				CODE_SIGN_STYLE = Automatic;
				DEVELOPMENT_TEAM = Q2T8TN4ZW6;
				INFOPLIST_FILE = "Recordings-MVC/Info.plist";
				LD_RUNPATH_SEARCH_PATHS = (
					"$(inherited)",
					"@executable_path/Frameworks",
				);
				PRODUCT_BUNDLE_IDENTIFIER = "Layer.Recordings-MVC";
				PRODUCT_NAME = "$(TARGET_NAME)";
				SWIFT_VERSION = 5.0;
				TARGETED_DEVICE_FAMILY = "1,2";
			};
			name = Debug;
		};
		782449F0266E55B700FBEBF4 /* Release */ = {
			isa = XCBuildConfiguration;
			buildSettings = {
				ASSETCATALOG_COMPILER_APPICON_NAME = AppIcon;
				ASSETCATALOG_COMPILER_GLOBAL_ACCENT_COLOR_NAME = AccentColor;
				CODE_SIGN_STYLE = Automatic;
				DEVELOPMENT_TEAM = Q2T8TN4ZW6;
				INFOPLIST_FILE = "Recordings-MVC/Info.plist";
				LD_RUNPATH_SEARCH_PATHS = (
					"$(inherited)",
					"@executable_path/Frameworks",
				);
				PRODUCT_BUNDLE_IDENTIFIER = "Layer.Recordings-MVC";
				PRODUCT_NAME = "$(TARGET_NAME)";
				SWIFT_VERSION = 5.0;
				TARGETED_DEVICE_FAMILY = "1,2";
			};
			name = Release;
		};
		782449F2266E55B700FBEBF4 /* Debug */ = {
			isa = XCBuildConfiguration;
			buildSettings = {
				ALWAYS_EMBED_SWIFT_STANDARD_LIBRARIES = YES;
				BUNDLE_LOADER = "$(TEST_HOST)";
				CODE_SIGN_STYLE = Automatic;
				DEVELOPMENT_TEAM = Q2T8TN4ZW6;
				INFOPLIST_FILE = "Recordings-MVCTests/Info.plist";
				IPHONEOS_DEPLOYMENT_TARGET = 14.5;
				LD_RUNPATH_SEARCH_PATHS = (
					"$(inherited)",
					"@executable_path/Frameworks",
					"@loader_path/Frameworks",
				);
				PRODUCT_BUNDLE_IDENTIFIER = "Layer.Recordings-MVCTests";
				PRODUCT_NAME = "$(TARGET_NAME)";
				SWIFT_VERSION = 5.0;
				TARGETED_DEVICE_FAMILY = "1,2";
				TEST_HOST = "$(BUILT_PRODUCTS_DIR)/Recordings-MVC.app/Recordings-MVC";
			};
			name = Debug;
		};
		782449F3266E55B700FBEBF4 /* Release */ = {
			isa = XCBuildConfiguration;
			buildSettings = {
				ALWAYS_EMBED_SWIFT_STANDARD_LIBRARIES = YES;
				BUNDLE_LOADER = "$(TEST_HOST)";
				CODE_SIGN_STYLE = Automatic;
				DEVELOPMENT_TEAM = Q2T8TN4ZW6;
				INFOPLIST_FILE = "Recordings-MVCTests/Info.plist";
				IPHONEOS_DEPLOYMENT_TARGET = 14.5;
				LD_RUNPATH_SEARCH_PATHS = (
					"$(inherited)",
					"@executable_path/Frameworks",
					"@loader_path/Frameworks",
				);
				PRODUCT_BUNDLE_IDENTIFIER = "Layer.Recordings-MVCTests";
				PRODUCT_NAME = "$(TARGET_NAME)";
				SWIFT_VERSION = 5.0;
				TARGETED_DEVICE_FAMILY = "1,2";
				TEST_HOST = "$(BUILT_PRODUCTS_DIR)/Recordings-MVC.app/Recordings-MVC";
			};
			name = Release;
		};
		782449F5266E55B700FBEBF4 /* Debug */ = {
			isa = XCBuildConfiguration;
			buildSettings = {
				ALWAYS_EMBED_SWIFT_STANDARD_LIBRARIES = YES;
				CODE_SIGN_STYLE = Automatic;
				DEVELOPMENT_TEAM = Q2T8TN4ZW6;
				INFOPLIST_FILE = "Recordings-MVCUITests/Info.plist";
				LD_RUNPATH_SEARCH_PATHS = (
					"$(inherited)",
					"@executable_path/Frameworks",
					"@loader_path/Frameworks",
				);
				PRODUCT_BUNDLE_IDENTIFIER = "Layer.Recordings-MVCUITests";
				PRODUCT_NAME = "$(TARGET_NAME)";
				SWIFT_VERSION = 5.0;
				TARGETED_DEVICE_FAMILY = "1,2";
				TEST_TARGET_NAME = "Recordings-MVC";
			};
			name = Debug;
		};
		782449F6266E55B700FBEBF4 /* Release */ = {
			isa = XCBuildConfiguration;
			buildSettings = {
				ALWAYS_EMBED_SWIFT_STANDARD_LIBRARIES = YES;
				CODE_SIGN_STYLE = Automatic;
				DEVELOPMENT_TEAM = Q2T8TN4ZW6;
				INFOPLIST_FILE = "Recordings-MVCUITests/Info.plist";
				LD_RUNPATH_SEARCH_PATHS = (
					"$(inherited)",
					"@executable_path/Frameworks",
					"@loader_path/Frameworks",
				);
				PRODUCT_BUNDLE_IDENTIFIER = "Layer.Recordings-MVCUITests";
				PRODUCT_NAME = "$(TARGET_NAME)";
				SWIFT_VERSION = 5.0;
				TARGETED_DEVICE_FAMILY = "1,2";
				TEST_TARGET_NAME = "Recordings-MVC";
			};
			name = Release;
		};
/* End XCBuildConfiguration section */

/* Begin XCConfigurationList section */
		782449BC266E55B400FBEBF4 /* Build configuration list for PBXProject "Recordings-MVC" */ = {
			isa = XCConfigurationList;
			buildConfigurations = (
				782449EC266E55B700FBEBF4 /* Debug */,
				782449ED266E55B700FBEBF4 /* Release */,
			);
			defaultConfigurationIsVisible = 0;
			defaultConfigurationName = Release;
		};
		782449EE266E55B700FBEBF4 /* Build configuration list for PBXNativeTarget "Recordings-MVC" */ = {
			isa = XCConfigurationList;
			buildConfigurations = (
				782449EF266E55B700FBEBF4 /* Debug */,
				782449F0266E55B700FBEBF4 /* Release */,
			);
			defaultConfigurationIsVisible = 0;
			defaultConfigurationName = Release;
		};
		782449F1266E55B700FBEBF4 /* Build configuration list for PBXNativeTarget "Recordings-MVCTests" */ = {
			isa = XCConfigurationList;
			buildConfigurations = (
				782449F2266E55B700FBEBF4 /* Debug */,
				782449F3266E55B700FBEBF4 /* Release */,
			);
			defaultConfigurationIsVisible = 0;
			defaultConfigurationName = Release;
		};
		782449F4266E55B700FBEBF4 /* Build configuration list for PBXNativeTarget "Recordings-MVCUITests" */ = {
			isa = XCConfigurationList;
			buildConfigurations = (
				782449F5266E55B700FBEBF4 /* Debug */,
				782449F6266E55B700FBEBF4 /* Release */,
			);
			defaultConfigurationIsVisible = 0;
			defaultConfigurationName = Release;
		};
/* End XCConfigurationList section */

/* Begin XCVersionGroup section */
		782449CD266E55B500FBEBF4 /* Recordings_MVC.xcdatamodeld */ = {
			isa = XCVersionGroup;
			children = (
				782449CE266E55B500FBEBF4 /* Recordings_MVC.xcdatamodel */,
			);
			currentVersion = 782449CE266E55B500FBEBF4 /* Recordings_MVC.xcdatamodel */;
			path = Recordings_MVC.xcdatamodeld;
			sourceTree = "<group>";
			versionGroupType = wrapper.xcdatamodel;
		};
/* End XCVersionGroup section */
	};
	rootObject = 782449B9266E55B400FBEBF4 /* Project object */;
}
